
Microsoft Visual Studio Solution File, Format Version 12.00
# Visual Studio Version 17
VisualStudioVersion = 17.0.31903.59
MinimumVisualStudioVersion = 10.0.40219.1
Project("{2150E333-8FDC-42A3-9474-1A3956D46DE8}") = "src", "src", "{827E0CD3-B72D-47B6-A68D-7590B98EB39B}"
EndProject
Project("{FAE04EC0-301F-11D3-BF4B-00C04F79EFBC}") = "CapitalPos.Api", "src\CapitalPos.Api\CapitalPos.Api.csproj", "{FF417A44-5B27-40A9-8853-6E645E328880}"
EndProject
Project("{FAE04EC0-301F-11D3-BF4B-00C04F79EFBC}") = "CapitalPos.Application", "src\CapitalPos.Application\CapitalPos.Application.csproj", "{2967718C-7F69-4B80-9164-97525FFC1B5F}"
EndProject
Project("{FAE04EC0-301F-11D3-BF4B-00C04F79EFBC}") = "CapitalPos.Domain", "src\CapitalPos.Domain\CapitalPos.Domain.csproj", "{2F39E366-0771-4D85-8D9B-96BB3AE09C99}"
EndProject
Project("{FAE04EC0-301F-11D3-BF4B-00C04F79EFBC}") = "CapitalPos.Infrastructure", "src\CapitalPos.Infrastructure\CapitalPos.Infrastructure.csproj", "{1C68C2BC-C870-4393-8036-8EB7F203B01F}"
EndProject
Project("{2150E333-8FDC-42A3-9474-1A3956D46DE8}") = "tests", "tests", "{0AB3BF05-4346-4AA6-1389-037BE0695223}"
EndProject
Project("{FAE04EC0-301F-11D3-BF4B-00C04F79EFBC}") = "CapitalPos.Tests", "tests\CapitalPos.Tests\CapitalPos.Tests.csproj", "{865B6FB6-FE8B-41E5-B63A-30EEC7DD8B28}"
EndProject
Global
	GlobalSection(SolutionConfigurationPlatforms) = preSolution
		Debug|Any CPU = Debug|Any CPU
		Debug|x64 = Debug|x64
		Debug|x86 = Debug|x86
		Release|Any CPU = Release|Any CPU
		Release|x64 = Release|x64
		Release|x86 = Release|x86
	EndGlobalSection
	GlobalSection(ProjectConfigurationPlatforms) = postSolution
		{FF417A44-5B27-40A9-8853-6E645E328880}.Debug|Any CPU.ActiveCfg = Debug|Any CPU
		{FF417A44-5B27-40A9-8853-6E645E328880}.Debug|Any CPU.Build.0 = Debug|Any CPU
		{FF417A44-5B27-40A9-8853-6E645E328880}.Debug|x64.ActiveCfg = Debug|Any CPU
		{FF417A44-5B27-40A9-8853-6E645E328880}.Debug|x64.Build.0 = Debug|Any CPU
		{FF417A44-5B27-40A9-8853-6E645E328880}.Debug|x86.ActiveCfg = Debug|Any CPU
		{FF417A44-5B27-40A9-8853-6E645E328880}.Debug|x86.Build.0 = Debug|Any CPU
		{FF417A44-5B27-40A9-8853-6E645E328880}.Release|Any CPU.ActiveCfg = Release|Any CPU
		{FF417A44-5B27-40A9-8853-6E645E328880}.Release|Any CPU.Build.0 = Release|Any CPU
		{FF417A44-5B27-40A9-8853-6E645E328880}.Release|x64.ActiveCfg = Release|Any CPU
		{FF417A44-5B27-40A9-8853-6E645E328880}.Release|x64.Build.0 = Release|Any CPU
		{FF417A44-5B27-40A9-8853-6E645E328880}.Release|x86.ActiveCfg = Release|Any CPU
		{FF417A44-5B27-40A9-8853-6E645E328880}.Release|x86.Build.0 = Release|Any CPU
		{2967718C-7F69-4B80-9164-97525FFC1B5F}.Debug|Any CPU.ActiveCfg = Debug|Any CPU
		{2967718C-7F69-4B80-9164-97525FFC1B5F}.Debug|Any CPU.Build.0 = Debug|Any CPU
		{2967718C-7F69-4B80-9164-97525FFC1B5F}.Debug|x64.ActiveCfg = Debug|Any CPU
		{2967718C-7F69-4B80-9164-97525FFC1B5F}.Debug|x64.Build.0 = Debug|Any CPU
		{2967718C-7F69-4B80-9164-97525FFC1B5F}.Debug|x86.ActiveCfg = Debug|Any CPU
		{2967718C-7F69-4B80-9164-97525FFC1B5F}.Debug|x86.Build.0 = Debug|Any CPU
		{2967718C-7F69-4B80-9164-97525FFC1B5F}.Release|Any CPU.ActiveCfg = Release|Any CPU
		{2967718C-7F69-4B80-9164-97525FFC1B5F}.Release|Any CPU.Build.0 = Release|Any CPU
		{2967718C-7F69-4B80-9164-97525FFC1B5F}.Release|x64.ActiveCfg = Release|Any CPU
		{2967718C-7F69-4B80-9164-97525FFC1B5F}.Release|x64.Build.0 = Release|Any CPU
		{2967718C-7F69-4B80-9164-97525FFC1B5F}.Release|x86.ActiveCfg = Release|Any CPU
		{2967718C-7F69-4B80-9164-97525FFC1B5F}.Release|x86.Build.0 = Release|Any CPU
		{2F39E366-0771-4D85-8D9B-96BB3AE09C99}.Debug|Any CPU.ActiveCfg = Debug|Any CPU
		{2F39E366-0771-4D85-8D9B-96BB3AE09C99}.Debug|Any CPU.Build.0 = Debug|Any CPU
		{2F39E366-0771-4D85-8D9B-96BB3AE09C99}.Debug|x64.ActiveCfg = Debug|Any CPU
		{2F39E366-0771-4D85-8D9B-96BB3AE09C99}.Debug|x64.Build.0 = Debug|Any CPU
		{2F39E366-0771-4D85-8D9B-96BB3AE09C99}.Debug|x86.ActiveCfg = Debug|Any CPU
		{2F39E366-0771-4D85-8D9B-96BB3AE09C99}.Debug|x86.Build.0 = Debug|Any CPU
		{2F39E366-0771-4D85-8D9B-96BB3AE09C99}.Release|Any CPU.ActiveCfg = Release|Any CPU
		{2F39E366-0771-4D85-8D9B-96BB3AE09C99}.Release|Any CPU.Build.0 = Release|Any CPU
		{2F39E366-0771-4D85-8D9B-96BB3AE09C99}.Release|x64.ActiveCfg = Release|Any CPU
		{2F39E366-0771-4D85-8D9B-96BB3AE09C99}.Release|x64.Build.0 = Release|Any CPU
		{2F39E366-0771-4D85-8D9B-96BB3AE09C99}.Release|x86.ActiveCfg = Release|Any CPU
		{2F39E366-0771-4D85-8D9B-96BB3AE09C99}.Release|x86.Build.0 = Release|Any CPU
		{1C68C2BC-C870-4393-8036-8EB7F203B01F}.Debug|Any CPU.ActiveCfg = Debug|Any CPU
		{1C68C2BC-C870-4393-8036-8EB7F203B01F}.Debug|Any CPU.Build.0 = Debug|Any CPU
		{1C68C2BC-C870-4393-8036-8EB7F203B01F}.Debug|x64.ActiveCfg = Debug|Any CPU
		{1C68C2BC-C870-4393-8036-8EB7F203B01F}.Debug|x64.Build.0 = Debug|Any CPU
		{1C68C2BC-C870-4393-8036-8EB7F203B01F}.Debug|x86.ActiveCfg = Debug|Any CPU
		{1C68C2BC-C870-4393-8036-8EB7F203B01F}.Debug|x86.Build.0 = Debug|Any CPU
		{1C68C2BC-C870-4393-8036-8EB7F203B01F}.Release|Any CPU.ActiveCfg = Release|Any CPU
		{1C68C2BC-C870-4393-8036-8EB7F203B01F}.Release|Any CPU.Build.0 = Release|Any CPU
		{1C68C2BC-C870-4393-8036-8EB7F203B01F}.Release|x64.ActiveCfg = Release|Any CPU
		{1C68C2BC-C870-4393-8036-8EB7F203B01F}.Release|x64.Build.0 = Release|Any CPU
		{1C68C2BC-C870-4393-8036-8EB7F203B01F}.Release|x86.ActiveCfg = Release|Any CPU
		{1C68C2BC-C870-4393-8036-8EB7F203B01F}.Release|x86.Build.0 = Release|Any CPU
		{865B6FB6-FE8B-41E5-B63A-30EEC7DD8B28}.Debug|Any CPU.ActiveCfg = Debug|Any CPU
		{865B6FB6-FE8B-41E5-B63A-30EEC7DD8B28}.Debug|Any CPU.Build.0 = Debug|Any CPU
		{865B6FB6-FE8B-41E5-B63A-30EEC7DD8B28}.Debug|x64.ActiveCfg = Debug|Any CPU
		{865B6FB6-FE8B-41E5-B63A-30EEC7DD8B28}.Debug|x64.Build.0 = Debug|Any CPU
		{865B6FB6-FE8B-41E5-B63A-30EEC7DD8B28}.Debug|x86.ActiveCfg = Debug|Any CPU
		{865B6FB6-FE8B-41E5-B63A-30EEC7DD8B28}.Debug|x86.Build.0 = Debug|Any CPU
		{865B6FB6-FE8B-41E5-B63A-30EEC7DD8B28}.Release|Any CPU.ActiveCfg = Release|Any CPU
		{865B6FB6-FE8B-41E5-B63A-30EEC7DD8B28}.Release|Any CPU.Build.0 = Release|Any CPU
		{865B6FB6-FE8B-41E5-B63A-30EEC7DD8B28}.Release|x64.ActiveCfg = Release|Any CPU
		{865B6FB6-FE8B-41E5-B63A-30EEC7DD8B28}.Release|x64.Build.0 = Release|Any CPU
		{865B6FB6-FE8B-41E5-B63A-30EEC7DD8B28}.Release|x86.ActiveCfg = Release|Any CPU
		{865B6FB6-FE8B-41E5-B63A-30EEC7DD8B28}.Release|x86.Build.0 = Release|Any CPU
	EndGlobalSection
	GlobalSection(SolutionProperties) = preSolution
		HideSolutionNode = FALSE
	EndGlobalSection
	GlobalSection(NestedProjects) = preSolution
		{FF417A44-5B27-40A9-8853-6E645E328880} = {827E0CD3-B72D-47B6-A68D-7590B98EB39B}
		{2967718C-7F69-4B80-9164-97525FFC1B5F} = {827E0CD3-B72D-47B6-A68D-7590B98EB39B}
		{2F39E366-0771-4D85-8D9B-96BB3AE09C99} = {827E0CD3-B72D-47B6-A68D-7590B98EB39B}
		{1C68C2BC-C870-4393-8036-8EB7F203B01F} = {827E0CD3-B72D-47B6-A68D-7590B98EB39B}
		{865B6FB6-FE8B-41E5-B63A-30EEC7DD8B28} = {0AB3BF05-4346-4AA6-1389-037BE0695223}
	EndGlobalSection
EndGlobal
